
Microsoft Visual Studio Solution File, Format Version 12.00
# Visual Studio Version 16
VisualStudioVersion = 16.0.30804.86
MinimumVisualStudioVersion = 10.0.40219.1
Project("{9A19103F-16F7-4668-BE54-9A1E7A4F7556}") = "NumberPlayWPF", "NumberPlayWPF\NumberPlayWPF.csproj", "{160CF36C-DECB-4C59-8AF0-802E5ECE799D}"
EndProject
Project("{54435603-DBB4-11D2-8724-00A0C9A8B90C}") = "Setup", "Setup\Setup.vdproj", "{F8D56F1C-7D0E-45EF-A155-09868FC7836A}"
EndProject
Global
	GlobalSection(SolutionConfigurationPlatforms) = preSolution
		Debug|Any CPU = Debug|Any CPU
		Release|Any CPU = Release|Any CPU
	EndGlobalSection
	GlobalSection(ProjectConfigurationPlatforms) = postSolution
		{160CF36C-DECB-4C59-8AF0-802E5ECE799D}.Debug|Any CPU.ActiveCfg = Debug|Any CPU
		{160CF36C-DECB-4C59-8AF0-802E5ECE799D}.Debug|Any CPU.Build.0 = Debug|Any CPU
		{160CF36C-DECB-4C59-8AF0-802E5ECE799D}.Release|Any CPU.ActiveCfg = Release|Any CPU
		{160CF36C-DECB-4C59-8AF0-802E5ECE799D}.Release|Any CPU.Build.0 = Release|Any CPU
		{F8D56F1C-7D0E-45EF-A155-09868FC7836A}.Debug|Any CPU.ActiveCfg = Debug
		{F8D56F1C-7D0E-45EF-A155-09868FC7836A}.Release|Any CPU.ActiveCfg = Release
	EndGlobalSection
	GlobalSection(SolutionProperties) = preSolution
		HideSolutionNode = FALSE
	EndGlobalSection
	GlobalSection(ExtensibilityGlobals) = postSolution
		SolutionGuid = {7BD9BE2A-C524-47D8-BC3A-0ED843107D4F}
	EndGlobalSection
EndGlobal
